{
    "requires": true,
    "lockfileVersion": 1,
    "dependencies": {
        "@babel/runtime": {
            "version": "7.14.0",
            "resolved": "https://verdaccio.tools.moovly.com/@babel%2fruntime/-/runtime-7.14.0.tgz",
            "integrity": "sha512-JELkvo/DlpNdJ7dlyw/eY7E0suy5i5GQH+Vlxaq1nsNJ+H7f4Vtv3jMeCEgRhZZQFXTjldYfQgv2qmM6M1v5wA==",
            "requires": {
                "regenerator-runtime": "^0.13.4"
            }
        },
        "@moovly/i18n": {
            "version": "1.0.60",
            "resolved": "https://verdaccio.tools.moovly.com/@moovly%2fi18n/-/i18n-1.0.60.tgz",
            "integrity": "sha512-sTCs9jt870gz2j9Ynxjelrx+on4/54piFnzrRv26KHhXZHfLASxrofTHNAYt/aS3fPAmO6gLEB6rDTOA3SbD3g==",
            "requires": {
                "dotenv": "^8.2.0",
                "googleapis": "^67.1.1",
                "i18next": "^19.8.4",
                "i18next-chained-backend": "^2.0.1",
                "i18next-http-backend": "^1.1.1",
                "i18next-localstorage-backend": "^3.1.2",
                "react": "^17.0.1"
            },
            "dependencies": {
                "react": {
                    "version": "17.0.2",
                    "resolved": "https://verdaccio.tools.moovly.com/react/-/react-17.0.2.tgz",
                    "integrity": "sha512-gnhPt75i/dq/z3/6q/0asP78D0u592D5L1pd7M8P+dck6Fu/jJeL6iVVK23fptSUZj8Vjf++7wXA8UNclGQcbA==",
                    "requires": {
                        "loose-envify": "^1.1.0",
                        "object-assign": "^4.1.1"
                    }
                }
            }
        },
        "abort-controller": {
            "version": "3.0.0",
            "resolved": "https://verdaccio.tools.moovly.com/abort-controller/-/abort-controller-3.0.0.tgz",
            "integrity": "sha512-h8lQ8tacZYnR3vNQTgibj+tODHI5/+l06Au2Pcriv/Gmet0eaj4TwWH41sO9wnHDiQsEj19q0drzdWdeAHtweg==",
            "requires": {
                "event-target-shim": "^5.0.0"
            }
        },
        "agent-base": {
            "version": "6.0.2",
            "resolved": "https://verdaccio.tools.moovly.com/agent-base/-/agent-base-6.0.2.tgz",
            "integrity": "sha512-RZNwNclF7+MS/8bDg70amg32dyeZGZxiDuQmZxKLAlQjr3jGyLx+4Kkk58UO7D2QdgFIQCovuSuZESne6RG6XQ==",
            "requires": {
                "debug": "4"
            }
        },
        "anymatch": {
            "version": "3.1.1",
            "resolved": "https://registry.npmjs.org/anymatch/-/anymatch-3.1.1.tgz",
            "integrity": "sha512-mM8522psRCqzV+6LhomX5wgp25YVibjh8Wj23I5RPkPppSVSjyKD2A2mBJmWGa+KN7f2D6LNh9jkBCeyLktzjg==",
            "dev": true,
            "requires": {
                "normalize-path": "^3.0.0",
                "picomatch": "^2.0.4"
            }
        },
        "arrify": {
            "version": "2.0.1",
            "resolved": "https://verdaccio.tools.moovly.com/arrify/-/arrify-2.0.1.tgz",
            "integrity": "sha512-3duEwti880xqi4eAMN8AyR4a0ByT90zoYdLlevfrvU43vb0YZwZVfxOgxWrLXXXpyugL0hNZc9G6BiB5B3nUug=="
        },
        "babel-helper-builder-react-jsx": {
            "version": "6.26.0",
            "resolved": "https://verdaccio.tools.moovly.com/babel-helper-builder-react-jsx/-/babel-helper-builder-react-jsx-6.26.0.tgz",
            "integrity": "sha1-Of+DE7dci2Xc7/HzHTg+D/KkCKA=",
            "dev": true,
            "requires": {
                "babel-runtime": "^6.26.0",
                "babel-types": "^6.26.0",
                "esutils": "^2.0.2"
            }
        },
        "babel-plugin-syntax-flow": {
            "version": "6.18.0",
            "resolved": "https://verdaccio.tools.moovly.com/babel-plugin-syntax-flow/-/babel-plugin-syntax-flow-6.18.0.tgz",
            "integrity": "sha1-TDqyCiryaqIM0lmVw5jE63AxDI0=",
            "dev": true
        },
        "babel-plugin-syntax-jsx": {
            "version": "6.18.0",
            "resolved": "https://verdaccio.tools.moovly.com/babel-plugin-syntax-jsx/-/babel-plugin-syntax-jsx-6.18.0.tgz",
            "integrity": "sha1-CvMqmm4Tyno/1QaeYtew9Y0NiUY=",
            "dev": true
        },
        "babel-plugin-transform-flow-strip-types": {
            "version": "6.22.0",
            "resolved": "https://verdaccio.tools.moovly.com/babel-plugin-transform-flow-strip-types/-/babel-plugin-transform-flow-strip-types-6.22.0.tgz",
            "integrity": "sha1-hMtnKTXUNxT9wyvOhFaNh0Qc988=",
            "dev": true,
            "requires": {
                "babel-plugin-syntax-flow": "^6.18.0",
                "babel-runtime": "^6.22.0"
            }
        },
        "babel-plugin-transform-react-display-name": {
            "version": "6.25.0",
            "resolved": "https://verdaccio.tools.moovly.com/babel-plugin-transform-react-display-name/-/babel-plugin-transform-react-display-name-6.25.0.tgz",
            "integrity": "sha1-Z+K/Hx6ck6sI25Z5LgU5K/LMKNE=",
            "dev": true,
            "requires": {
                "babel-runtime": "^6.22.0"
            }
        },
        "babel-plugin-transform-react-jsx": {
            "version": "6.24.1",
            "resolved": "https://verdaccio.tools.moovly.com/babel-plugin-transform-react-jsx/-/babel-plugin-transform-react-jsx-6.24.1.tgz",
            "integrity": "sha1-hAoCjn30YN/DotKfDA2R9jduZqM=",
            "dev": true,
            "requires": {
                "babel-helper-builder-react-jsx": "^6.24.1",
                "babel-plugin-syntax-jsx": "^6.8.0",
                "babel-runtime": "^6.22.0"
            }
        },
        "babel-plugin-transform-react-jsx-self": {
            "version": "6.22.0",
            "resolved": "https://verdaccio.tools.moovly.com/babel-plugin-transform-react-jsx-self/-/babel-plugin-transform-react-jsx-self-6.22.0.tgz",
            "integrity": "sha1-322AqdomEqEh5t3XVYvL7PBuY24=",
            "dev": true,
            "requires": {
                "babel-plugin-syntax-jsx": "^6.8.0",
                "babel-runtime": "^6.22.0"
            }
        },
        "babel-plugin-transform-react-jsx-source": {
            "version": "6.22.0",
            "resolved": "https://verdaccio.tools.moovly.com/babel-plugin-transform-react-jsx-source/-/babel-plugin-transform-react-jsx-source-6.22.0.tgz",
            "integrity": "sha1-ZqwSFT9c0tF7PBkmj0vwGX9E7NY=",
            "dev": true,
            "requires": {
                "babel-plugin-syntax-jsx": "^6.8.0",
                "babel-runtime": "^6.22.0"
            }
        },
        "babel-preset-flow": {
            "version": "6.23.0",
            "resolved": "https://verdaccio.tools.moovly.com/babel-preset-flow/-/babel-preset-flow-6.23.0.tgz",
            "integrity": "sha1-5xIYiHCFrpoktb5Baa/7WZgWxJ0=",
            "dev": true,
            "requires": {
                "babel-plugin-transform-flow-strip-types": "^6.22.0"
            }
        },
        "babel-preset-react": {
            "version": "6.24.1",
            "resolved": "https://verdaccio.tools.moovly.com/babel-preset-react/-/babel-preset-react-6.24.1.tgz",
            "integrity": "sha1-umnfrqRfw+xjm2pOzqbhdwLJE4A=",
            "dev": true,
            "requires": {
                "babel-plugin-syntax-jsx": "^6.3.13",
                "babel-plugin-transform-react-display-name": "^6.23.0",
                "babel-plugin-transform-react-jsx": "^6.24.1",
                "babel-plugin-transform-react-jsx-self": "^6.22.0",
                "babel-plugin-transform-react-jsx-source": "^6.22.0",
                "babel-preset-flow": "^6.23.0"
            }
        },
        "babel-runtime": {
            "version": "6.26.0",
            "resolved": "https://verdaccio.tools.moovly.com/babel-runtime/-/babel-runtime-6.26.0.tgz",
            "integrity": "sha1-llxwWGaOgrVde/4E/yM3vItWR/4=",
            "dev": true,
            "requires": {
                "core-js": "^2.4.0",
                "regenerator-runtime": "^0.11.0"
            },
            "dependencies": {
                "regenerator-runtime": {
                    "version": "0.11.1",
                    "resolved": "https://verdaccio.tools.moovly.com/regenerator-runtime/-/regenerator-runtime-0.11.1.tgz",
                    "integrity": "sha512-MguG95oij0fC3QV3URf4V2SDYGJhJnJGqvIIgdECeODCT98wSWDAJ94SSuVpYQUoTcGUIL6L4yNB7j1DFFHSBg==",
                    "dev": true
                }
            }
        },
        "babel-types": {
            "version": "6.26.0",
            "resolved": "https://verdaccio.tools.moovly.com/babel-types/-/babel-types-6.26.0.tgz",
            "integrity": "sha1-o7Bz+Uq0nrb6Vc1lInozQ4BjJJc=",
            "dev": true,
            "requires": {
                "babel-runtime": "^6.26.0",
                "esutils": "^2.0.2",
                "lodash": "^4.17.4",
                "to-fast-properties": "^1.0.3"
            },
            "dependencies": {
                "to-fast-properties": {
                    "version": "1.0.3",
                    "resolved": "https://verdaccio.tools.moovly.com/to-fast-properties/-/to-fast-properties-1.0.3.tgz",
                    "integrity": "sha1-uDVx+k2MJbguIxsG46MFXeTKGkc=",
                    "dev": true
                }
            }
        },
        "base64-js": {
            "version": "1.5.1",
            "resolved": "https://verdaccio.tools.moovly.com/base64-js/-/base64-js-1.5.1.tgz",
            "integrity": "sha512-AKpaYlHn8t4SVbOHCy+b5+KKgvR4vrsD8vbvrbiQJps7fKDTkjkDry6ji0rUJjC0kzbNePLwzxq8iypo41qeWA=="
        },
        "bignumber.js": {
            "version": "9.0.1",
            "resolved": "https://verdaccio.tools.moovly.com/bignumber.js/-/bignumber.js-9.0.1.tgz",
            "integrity": "sha512-IdZR9mh6ahOBv/hYGiXyVuyCetmGJhtYkqLBpTStdhEGjegpPlUawydyaF3pbIOFynJTpllEs+NP+CS9jKFLjA=="
        },
        "binary-extensions": {
            "version": "2.1.0",
            "resolved": "https://registry.npmjs.org/binary-extensions/-/binary-extensions-2.1.0.tgz",
            "integrity": "sha512-1Yj8h9Q+QDF5FzhMs/c9+6UntbD5MkRfRwac8DoEm9ZfUBZ7tZ55YcGVAzEe4bXsdQHEk+s9S5wsOKVdZrw0tQ==",
            "dev": true
        },
        "braces": {
            "version": "3.0.2",
            "resolved": "https://registry.npmjs.org/braces/-/braces-3.0.2.tgz",
            "integrity": "sha512-b8um+L1RzM3WDSzvhm6gIz1yfTbBt6YTlcEKAvsmqCZZFw46z626lVj9j1yEPW33H5H+lBQpZMP1k8l+78Ha0A==",
            "dev": true,
            "requires": {
                "fill-range": "^7.0.1"
            }
        },
        "buffer-equal-constant-time": {
            "version": "1.0.1",
            "resolved": "https://verdaccio.tools.moovly.com/buffer-equal-constant-time/-/buffer-equal-constant-time-1.0.1.tgz",
            "integrity": "sha1-+OcRMvf/5uAaXJaXpMbz5I1cyBk="
        },
        "call-bind": {
            "version": "1.0.2",
            "resolved": "https://verdaccio.tools.moovly.com/call-bind/-/call-bind-1.0.2.tgz",
            "integrity": "sha512-7O+FbCihrB5WGbFYesctwmTKae6rOiIzmz1icreWJ+0aA7LJfuqhEso2T9ncpcFtzMQtzXf2QGGueWJGTYsqrA==",
            "requires": {
                "function-bind": "^1.1.1",
                "get-intrinsic": "^1.0.2"
            }
        },
        "chokidar": {
            "version": "3.4.3",
            "resolved": "https://registry.npmjs.org/chokidar/-/chokidar-3.4.3.tgz",
            "integrity": "sha512-DtM3g7juCXQxFVSNPNByEC2+NImtBuxQQvWlHunpJIS5Ocr0lG306cC7FCi7cEA0fzmybPUIl4txBIobk1gGOQ==",
            "dev": true,
            "requires": {
                "anymatch": "~3.1.1",
                "braces": "~3.0.2",
                "fsevents": "~2.1.2",
                "glob-parent": "~5.1.0",
                "is-binary-path": "~2.1.0",
                "is-glob": "~4.0.1",
                "normalize-path": "~3.0.0",
                "readdirp": "~3.5.0"
            }
        },
        "core-js": {
            "version": "2.6.10",
            "resolved": "https://verdaccio.tools.moovly.com/core-js/-/core-js-2.6.10.tgz",
            "integrity": "sha512-I39t74+4t+zau64EN1fE5v2W31Adtc/REhzWN+gWRRXg6WH5qAsZm62DHpQ1+Yhe4047T55jvzz7MUqF/dBBlA==",
            "dev": true
        },
        "de-indent": {
            "version": "1.0.2",
            "resolved": "https://verdaccio.tools.moovly.com/de-indent/-/de-indent-1.0.2.tgz",
            "integrity": "sha1-sgOOhG3DO6pXlhKNCAS0VbjB4h0=",
            "dev": true
        },
        "debug": {
            "version": "4.3.1",
            "resolved": "https://verdaccio.tools.moovly.com/debug/-/debug-4.3.1.tgz",
            "integrity": "sha512-doEwdvm4PCeK4K3RQN2ZC2BYUBaxwLARCqZmMjtF8a51J2Rb0xpVloFRnCODwqjpwnAoao4pelN8l3RJdv3gRQ==",
            "requires": {
                "ms": "2.1.2"
            }
        },
        "dotenv": {
            "version": "8.5.1",
            "resolved": "https://verdaccio.tools.moovly.com/dotenv/-/dotenv-8.5.1.tgz",
            "integrity": "sha512-qC1FbhCH7UH7B+BcRNUDhAk04d/n+tnGGB1ctwndZkVFeehYJOn39pRWWzmdzpFqImyX1KB8tO0DCHLf8yRaYQ=="
        },
        "ecdsa-sig-formatter": {
            "version": "1.0.11",
            "resolved": "https://verdaccio.tools.moovly.com/ecdsa-sig-formatter/-/ecdsa-sig-formatter-1.0.11.tgz",
            "integrity": "sha512-nagl3RYrbNv6kQkeJIpt6NJZy8twLB/2vtz6yN9Z4vRKHN4/QZJIEbqohALSgwKdnksuY3k5Addp5lg8sVoVcQ==",
            "requires": {
                "safe-buffer": "^5.0.1"
            }
        },
        "esutils": {
            "version": "2.0.3",
            "resolved": "https://verdaccio.tools.moovly.com/esutils/-/esutils-2.0.3.tgz",
            "integrity": "sha512-kVscqXk4OCp68SZ0dkgEKVi6/8ij300KBWTJq32P/dYeWTSwK41WyTxalN1eRmA5Z9UU/LX9D7FWSmV9SAYx6g==",
            "dev": true
        },
        "event-target-shim": {
            "version": "5.0.1",
            "resolved": "https://verdaccio.tools.moovly.com/event-target-shim/-/event-target-shim-5.0.1.tgz",
            "integrity": "sha512-i/2XbnSz/uxRCU6+NdVJgKWDTM427+MqYbkQzD321DuCQJUqOuJKIA0IM2+W2xtYHdKOmZ4dR6fExsd4SXL+WQ=="
        },
        "extend": {
            "version": "3.0.2",
            "resolved": "https://verdaccio.tools.moovly.com/extend/-/extend-3.0.2.tgz",
            "integrity": "sha512-fjquC59cD7CyW6urNXK0FBufkZcoiGG80wTuPujX590cB5Ttln20E2UB4S/WARVqhXffZl2LNgS+gQdPIIim/g=="
        },
        "fast-text-encoding": {
            "version": "1.0.3",
            "resolved": "https://verdaccio.tools.moovly.com/fast-text-encoding/-/fast-text-encoding-1.0.3.tgz",
            "integrity": "sha512-dtm4QZH9nZtcDt8qJiOH9fcQd1NAgi+K1O2DbE6GG1PPCK/BWfOH3idCTRQ4ImXRUOyopDEgDEnVEE7Y/2Wrig=="
        },
        "fill-range": {
            "version": "7.0.1",
            "resolved": "https://registry.npmjs.org/fill-range/-/fill-range-7.0.1.tgz",
            "integrity": "sha512-qOo9F+dMUmC2Lcb4BbVvnKJxTPjCm+RRpe4gDuGrzkL7mEVl/djYSu2OdQ2Pa302N4oqkSg9ir6jaLWJ2USVpQ==",
            "dev": true,
            "requires": {
                "to-regex-range": "^5.0.1"
            }
        },
        "fsevents": {
            "version": "2.1.3",
            "resolved": "https://registry.npmjs.org/fsevents/-/fsevents-2.1.3.tgz",
            "integrity": "sha512-Auw9a4AxqWpa9GUfj370BMPzzyncfBABW8Mab7BGWBYDj4Isgq+cDKtx0i6u9jcX9pQDnswsaaOTgTmA5pEjuQ==",
            "dev": true,
            "optional": true
        },
        "function-bind": {
            "version": "1.1.1",
            "resolved": "https://verdaccio.tools.moovly.com/function-bind/-/function-bind-1.1.1.tgz",
            "integrity": "sha512-yIovAzMX49sF8Yl58fSCWJ5svSLuaibPxXQJFLmBObTuCr0Mf1KiPopGM9NiFjiYBCbfaa2Fh6breQ6ANVTI0A=="
        },
        "gaxios": {
            "version": "4.2.1",
            "resolved": "https://verdaccio.tools.moovly.com/gaxios/-/gaxios-4.2.1.tgz",
            "integrity": "sha512-s+rTywpw6CmfB8r9TXYkpix7YFeuRjnR/AqhaJrQqsNhsAqej+IAiCc3hadzQH3gHyWth30tvYjxH8EVjQt/8Q==",
            "requires": {
                "abort-controller": "^3.0.0",
                "extend": "^3.0.2",
                "https-proxy-agent": "^5.0.0",
                "is-stream": "^2.0.0",
                "node-fetch": "^2.3.0"
            }
        },
        "gcp-metadata": {
            "version": "4.2.1",
            "resolved": "https://verdaccio.tools.moovly.com/gcp-metadata/-/gcp-metadata-4.2.1.tgz",
            "integrity": "sha512-tSk+REe5iq/N+K+SK1XjZJUrFPuDqGZVzCy2vocIHIGmPlTGsa8owXMJwGkrXr73NO0AzhPW4MF2DEHz7P2AVw==",
            "requires": {
                "gaxios": "^4.0.0",
                "json-bigint": "^1.0.0"
            }
        },
        "get-intrinsic": {
            "version": "1.1.1",
            "resolved": "https://verdaccio.tools.moovly.com/get-intrinsic/-/get-intrinsic-1.1.1.tgz",
            "integrity": "sha512-kWZrnVM42QCiEA2Ig1bG8zjoIMOgxWwYCEeNdwY6Tv/cOSeGpcoX4pXHfKUxNKVoArnrEr2e9srnAxxGIraS9Q==",
            "requires": {
                "function-bind": "^1.1.1",
                "has": "^1.0.3",
                "has-symbols": "^1.0.1"
            }
        },
        "glob-parent": {
            "version": "5.1.1",
            "resolved": "https://registry.npmjs.org/glob-parent/-/glob-parent-5.1.1.tgz",
            "integrity": "sha512-FnI+VGOpnlGHWZxthPGR+QhR78fuiK0sNLkHQv+bL9fQi57lNNdquIbna/WrfROrolq8GK5Ek6BiMwqL/voRYQ==",
            "dev": true,
            "requires": {
                "is-glob": "^4.0.1"
            }
        },
        "google-auth-library": {
            "version": "7.0.4",
            "resolved": "https://verdaccio.tools.moovly.com/google-auth-library/-/google-auth-library-7.0.4.tgz",
            "integrity": "sha512-o8irYyeijEiecTXeoEe8UKNEzV1X+uhR4b2oNdapDMZixypp0J+eHimGOyx5Joa3UAeokGngdtDLXtq9vDqG2Q==",
            "requires": {
                "arrify": "^2.0.0",
                "base64-js": "^1.3.0",
                "ecdsa-sig-formatter": "^1.0.11",
                "fast-text-encoding": "^1.0.0",
                "gaxios": "^4.0.0",
                "gcp-metadata": "^4.2.0",
                "gtoken": "^5.0.4",
                "jws": "^4.0.0",
                "lru-cache": "^6.0.0"
            }
        },
        "google-p12-pem": {
            "version": "3.0.3",
            "resolved": "https://verdaccio.tools.moovly.com/google-p12-pem/-/google-p12-pem-3.0.3.tgz",
            "integrity": "sha512-wS0ek4ZtFx/ACKYF3JhyGe5kzH7pgiQ7J5otlumqR9psmWMYc+U9cErKlCYVYHoUaidXHdZ2xbo34kB+S+24hA==",
            "requires": {
                "node-forge": "^0.10.0"
            }
        },
        "googleapis": {
            "version": "67.1.1",
            "resolved": "https://verdaccio.tools.moovly.com/googleapis/-/googleapis-67.1.1.tgz",
            "integrity": "sha512-WLYk8R4dpW/oIxXhj0PQGhu+eOUpQbtWYTCxx/jeENr4arE9UmV5qmz0h1Gs1SPF/O/8PjCQIsPwOuHAlj78GA==",
            "requires": {
                "google-auth-library": "^7.0.2",
                "googleapis-common": "^5.0.1"
            }
        },
        "googleapis-common": {
            "version": "5.0.2",
            "resolved": "https://verdaccio.tools.moovly.com/googleapis-common/-/googleapis-common-5.0.2.tgz",
            "integrity": "sha512-TL7qronKNZwE/XBvqshwzCPmZGq2gz/beXzANF7EVoO7FsQjOd7dk40DYrXkoCpvbnJHCQKWESq6NansiIPFqA==",
            "requires": {
                "extend": "^3.0.2",
                "gaxios": "^4.0.0",
                "google-auth-library": "^7.0.2",
                "qs": "^6.7.0",
                "url-template": "^2.0.8",
                "uuid": "^8.0.0"
            }
        },
        "gtoken": {
            "version": "5.2.1",
            "resolved": "https://verdaccio.tools.moovly.com/gtoken/-/gtoken-5.2.1.tgz",
            "integrity": "sha512-OY0BfPKe3QnMsY9MzTHTSKn+Vl2l1CcLe6BwDEQj00mbbkl5nyQ/7EUREstg4fQNZ8iYE7br4JJ7TdKeDOPWmw==",
            "requires": {
                "gaxios": "^4.0.0",
                "google-p12-pem": "^3.0.3",
                "jws": "^4.0.0"
            }
        },
        "has": {
            "version": "1.0.3",
            "resolved": "https://verdaccio.tools.moovly.com/has/-/has-1.0.3.tgz",
            "integrity": "sha512-f2dvO0VU6Oej7RkWJGrehjbzMAjFp5/VKPp5tTpWIV4JHHZK1/BxbFRtf/siA2SWTe09caDmVtYYzWEIbBS4zw==",
            "requires": {
                "function-bind": "^1.1.1"
            }
        },
        "has-symbols": {
            "version": "1.0.2",
            "resolved": "https://verdaccio.tools.moovly.com/has-symbols/-/has-symbols-1.0.2.tgz",
            "integrity": "sha512-chXa79rL/UC2KlX17jo3vRGz0azaWEx5tGqZg5pO3NUyEJVB17dMruQlzCCOfUvElghKcm5194+BCRvi2Rv/Gw=="
        },
        "he": {
            "version": "1.2.0",
            "resolved": "https://verdaccio.tools.moovly.com/he/-/he-1.2.0.tgz",
            "integrity": "sha512-F/1DnUGPopORZi0ni+CvrCgHQ5FyEAHRLSApuYWMmrbSwoN2Mn/7k+Gl38gJnR7yyDZk6WLXwiGod1JOWNDKGw==",
            "dev": true
        },
        "https-proxy-agent": {
            "version": "5.0.0",
            "resolved": "https://verdaccio.tools.moovly.com/https-proxy-agent/-/https-proxy-agent-5.0.0.tgz",
            "integrity": "sha512-EkYm5BcKUGiduxzSt3Eppko+PiNWNEpa4ySk9vTC6wDsQJW9rHSa+UhGNJoRYp7bz6Ht1eaRIa6QaJqO5rCFbA==",
            "requires": {
                "agent-base": "6",
                "debug": "4"
            }
        },
        "i18next": {
            "version": "19.9.2",
            "resolved": "https://verdaccio.tools.moovly.com/i18next/-/i18next-19.9.2.tgz",
            "integrity": "sha512-0i6cuo6ER6usEOtKajUUDj92zlG+KArFia0857xxiEHAQcUwh/RtOQocui1LPJwunSYT574Pk64aNva1kwtxZg==",
            "requires": {
                "@babel/runtime": "^7.12.0"
            }
        },
        "i18next-chained-backend": {
            "version": "2.1.0",
            "resolved": "https://verdaccio.tools.moovly.com/i18next-chained-backend/-/i18next-chained-backend-2.1.0.tgz",
            "integrity": "sha512-Cr9+kA0mIGZJHLliSdRfoAlrRbKrqWV2+73NXoq6dToC6RhoAJS3fR0E/UdXFMpQJuNdVr2i8VeO6pt6kqyQAQ==",
            "requires": {
                "@babel/runtime": "^7.13.10"
            }
        },
        "i18next-http-backend": {
            "version": "1.2.2",
            "resolved": "https://verdaccio.tools.moovly.com/i18next-http-backend/-/i18next-http-backend-1.2.2.tgz",
            "integrity": "sha512-L7YhDjUAoPyy1TgsW1Tk3jWJ7AbFecJDLkwvmat82Lb4Lck6VNJv/UQTUYiHpldLhb8IXx1ModzLjPbhyrgBkw==",
            "requires": {
                "node-fetch": "2.6.1"
            }
        },
        "i18next-localstorage-backend": {
            "version": "3.1.2",
            "resolved": "https://verdaccio.tools.moovly.com/i18next-localstorage-backend/-/i18next-localstorage-backend-3.1.2.tgz",
            "integrity": "sha512-J81qf9atTAc9iMdHUNKJeAWgUsFvqbxfHIIztmF62tOaINA2AJk0kewJjm8LQDuArkiuW9RhQPbhqbyeZut35g==",
            "requires": {
                "@babel/runtime": "^7.4.5"
            }
        },
        "is-binary-path": {
            "version": "2.1.0",
            "resolved": "https://registry.npmjs.org/is-binary-path/-/is-binary-path-2.1.0.tgz",
            "integrity": "sha512-ZMERYes6pDydyuGidse7OsHxtbI7WVeUEozgR/g7rd0xUimYNlvZRE/K2MgZTjWy725IfelLeVcEM97mmtRGXw==",
            "dev": true,
            "requires": {
                "binary-extensions": "^2.0.0"
            }
        },
        "is-extglob": {
            "version": "2.1.1",
            "resolved": "https://verdaccio.tools.moovly.com/is-extglob/-/is-extglob-2.1.1.tgz",
            "integrity": "sha1-qIwCU1eR8C7TfHahueqXc8gz+MI=",
            "dev": true
        },
        "is-glob": {
            "version": "4.0.1",
            "resolved": "https://verdaccio.tools.moovly.com/is-glob/-/is-glob-4.0.1.tgz",
            "integrity": "sha512-5G0tKtBTFImOqDnLB2hG6Bp2qcKEFduo4tZu9MT/H6NQv/ghhy30o55ufafxJ/LdH79LLs2Kfrn85TLKyA7BUg==",
            "dev": true,
            "requires": {
                "is-extglob": "^2.1.1"
            }
        },
        "is-number": {
            "version": "7.0.0",
            "resolved": "https://registry.npmjs.org/is-number/-/is-number-7.0.0.tgz",
            "integrity": "sha512-41Cifkg6e8TylSpdtTpeLVMqvSBEVzTttHvERD741+pnZ8ANv0004MRL43QKPDlK9cGvNp6NZWZUBlbGXYxxng==",
            "dev": true
        },
        "is-stream": {
            "version": "2.0.0",
            "resolved": "https://verdaccio.tools.moovly.com/is-stream/-/is-stream-2.0.0.tgz",
            "integrity": "sha512-XCoy+WlUr7d1+Z8GgSuXmpuUFC9fOhRXglJMx+dwLKTkL44Cjd4W1Z5P+BQZpr+cR93aGP4S/s7Ftw6Nd/kiEw=="
        },
        "js-tokens": {
            "version": "4.0.0",
            "resolved": "https://verdaccio.tools.moovly.com/js-tokens/-/js-tokens-4.0.0.tgz",
            "integrity": "sha512-RdJUflcE3cUzKiMqQgsCu06FPu9UdIJO0beYbPhHN4k6apgJtifcoCtT9bcxOpYBtpD2kCM6Sbzg4CausW/PKQ=="
        },
        "json-bigint": {
            "version": "1.0.0",
            "resolved": "https://verdaccio.tools.moovly.com/json-bigint/-/json-bigint-1.0.0.tgz",
            "integrity": "sha512-SiPv/8VpZuWbvLSMtTDU8hEfrZWg/mH/nV/b4o0CYbSxu1UIQPLdwKOCIyLQX+VIPO5vrLX3i8qtqFyhdPSUSQ==",
            "requires": {
                "bignumber.js": "^9.0.0"
            }
        },
        "jwa": {
            "version": "2.0.0",
            "resolved": "https://verdaccio.tools.moovly.com/jwa/-/jwa-2.0.0.tgz",
            "integrity": "sha512-jrZ2Qx916EA+fq9cEAeCROWPTfCwi1IVHqT2tapuqLEVVDKFDENFw1oL+MwrTvH6msKxsd1YTDVw6uKEcsrLEA==",
            "requires": {
                "buffer-equal-constant-time": "1.0.1",
                "ecdsa-sig-formatter": "1.0.11",
                "safe-buffer": "^5.0.1"
            }
        },
        "jws": {
            "version": "4.0.0",
            "resolved": "https://verdaccio.tools.moovly.com/jws/-/jws-4.0.0.tgz",
            "integrity": "sha512-KDncfTmOZoOMTFG4mBlG0qUIOlc03fmzH+ru6RgYVZhPkyiy/92Owlt/8UEN+a4TXR1FQetfIpJE8ApdvdVxTg==",
            "requires": {
                "jwa": "^2.0.0",
                "safe-buffer": "^5.0.1"
            }
        },
        "lodash": {
            "version": "4.17.15",
            "resolved": "https://verdaccio.tools.moovly.com/lodash/-/lodash-4.17.15.tgz",
            "integrity": "sha512-8xOcRHvCjnocdS5cpwXQXVzmmh5e5+saE2QGoeQmbKmRS6J3VQppPOIt0MnmE+4xlZoumy0GPG0D0MVIQbNA1A==",
            "dev": true
        },
        "loose-envify": {
            "version": "1.4.0",
            "resolved": "https://verdaccio.tools.moovly.com/loose-envify/-/loose-envify-1.4.0.tgz",
            "integrity": "sha512-lyuxPGr/Wfhrlem2CL/UcnUc1zcqKAImBDzukY7Y5F/yQiNdko6+fRLevlw1HgMySw7f611UIY408EtxRSoK3Q==",
            "requires": {
                "js-tokens": "^3.0.0 || ^4.0.0"
            }
        },
        "lru-cache": {
            "version": "6.0.0",
            "resolved": "https://verdaccio.tools.moovly.com/lru-cache/-/lru-cache-6.0.0.tgz",
            "integrity": "sha512-Jo6dJ04CmSjuznwJSS3pUeWmd/H0ffTlkXXgwZi+eq1UCmqQwCh+eLsYOYCwY991i2Fah4h1BEMCx4qThGbsiA==",
            "requires": {
                "yallist": "^4.0.0"
            }
        },
        "ms": {
            "version": "2.1.2",
            "resolved": "https://verdaccio.tools.moovly.com/ms/-/ms-2.1.2.tgz",
            "integrity": "sha512-sGkPx+VjMtmA6MX27oA4FBFELFCZZ4S4XqeGOXCv68tT+jb3vk/RyaKWP0PTKyWtmLSM0b+adUTEvbs1PEaH2w=="
        },
        "node-fetch": {
            "version": "2.6.1",
            "resolved": "https://verdaccio.tools.moovly.com/node-fetch/-/node-fetch-2.6.1.tgz",
            "integrity": "sha512-V4aYg89jEoVRxRb2fJdAg8FHvI7cEyYdVAh94HH0UIK8oJxUfkjlDQN9RbMx+bEjP7+ggMiFRprSti032Oipxw=="
        },
        "node-forge": {
            "version": "0.10.0",
            "resolved": "https://verdaccio.tools.moovly.com/node-forge/-/node-forge-0.10.0.tgz",
            "integrity": "sha512-PPmu8eEeG9saEUvI97fm4OYxXVB6bFvyNTyiUOBichBpFG8A1Ljw3bY62+5oOjDEMHRnd0Y7HQ+x7uzxOzC6JA=="
        },
        "normalize-path": {
            "version": "3.0.0",
            "resolved": "https://verdaccio.tools.moovly.com/normalize-path/-/normalize-path-3.0.0.tgz",
            "integrity": "sha512-6eZs5Ls3WtCisHWp9S2GUy8dqkpGi4BVSz3GaqiE6ezub0512ESztXUwUB6C6IKbQkY2Pnb/mD4WYojCRwcwLA==",
            "dev": true
        },
        "object-assign": {
            "version": "4.1.1",
            "resolved": "https://verdaccio.tools.moovly.com/object-assign/-/object-assign-4.1.1.tgz",
            "integrity": "sha1-IQmtx5ZYh8/AXLvUQsrIv7s2CGM="
        },
        "object-inspect": {
            "version": "1.10.2",
            "resolved": "https://verdaccio.tools.moovly.com/object-inspect/-/object-inspect-1.10.2.tgz",
            "integrity": "sha512-gz58rdPpadwztRrPjZE9DZLOABUpTGdcANUgOwBFO1C+HZZhePoP83M65WGDmbpwFYJSWqavbl4SgDn4k8RYTA=="
        },
        "picomatch": {
            "version": "2.2.2",
            "resolved": "https://registry.npmjs.org/picomatch/-/picomatch-2.2.2.tgz",
            "integrity": "sha512-q0M/9eZHzmr0AulXyPwNfZjtwZ/RBZlbN3K3CErVrk50T2ASYI7Bye0EvekFY3IP1Nt2DHu0re+V2ZHIpMkuWg==",
            "dev": true
        },
        "qs": {
            "version": "6.10.1",
            "resolved": "https://verdaccio.tools.moovly.com/qs/-/qs-6.10.1.tgz",
            "integrity": "sha512-M528Hph6wsSVOBiYUnGf+K/7w0hNshs/duGsNXPUCLH5XAqjEtiPGwNONLV0tBH8NoGb0mvD5JubnUTrujKDTg==",
            "requires": {
                "side-channel": "^1.0.4"
            }
        },
        "readdirp": {
            "version": "3.5.0",
            "resolved": "https://registry.npmjs.org/readdirp/-/readdirp-3.5.0.tgz",
            "integrity": "sha512-cMhu7c/8rdhkHXWsY+osBhfSy0JikwpHK/5+imo+LpeasTF8ouErHrlYkwT0++njiyuDvc7OFY5T3ukvZ8qmFQ==",
            "dev": true,
            "requires": {
                "picomatch": "^2.2.1"
            }
        },
        "regenerator-runtime": {
            "version": "0.13.7",
            "resolved": "https://verdaccio.tools.moovly.com/regenerator-runtime/-/regenerator-runtime-0.13.7.tgz",
            "integrity": "sha512-a54FxoJDIr27pgf7IgeQGxmqUNYrcV338lf/6gH456HZ/PhX+5BcwHXG9ajESmwe6WRO0tAzRUrRmNONWgkrew=="
        },
        "safe-buffer": {
            "version": "5.1.2",
            "resolved": "https://verdaccio.tools.moovly.com/safe-buffer/-/safe-buffer-5.1.2.tgz",
            "integrity": "sha512-Gd2UZBJDkXlY7GbJxfsE8/nvKkUEU1G38c1siN6QP6a9PT9MmHB8GnpscSmMJSoF8LOIrt8ud/wPtojys4G6+g=="
        },
        "sass": {
            "version": "1.29.0",
            "resolved": "https://registry.npmjs.org/sass/-/sass-1.29.0.tgz",
            "integrity": "sha512-ZpwAUFgnvAUCdkjwPREny+17BpUj8nh5Yr6zKPGtLNTLrmtoRYIjm7njP24COhjJldjwW1dcv52Lpf4tNZVVRA==",
            "dev": true,
            "requires": {
                "chokidar": ">=2.0.0 <4.0.0"
            }
        },
        "side-channel": {
            "version": "1.0.4",
            "resolved": "https://verdaccio.tools.moovly.com/side-channel/-/side-channel-1.0.4.tgz",
            "integrity": "sha512-q5XPytqFEIKHkGdiMIrY10mvLRvnQh42/+GoBlFW3b2LXLE2xxJpZFdm94we0BaoV3RwJyGqg5wS7epxTv0Zvw==",
            "requires": {
                "call-bind": "^1.0.0",
                "get-intrinsic": "^1.0.2",
                "object-inspect": "^1.9.0"
            }
        },
        "to-regex-range": {
            "version": "5.0.1",
            "resolved": "https://registry.npmjs.org/to-regex-range/-/to-regex-range-5.0.1.tgz",
            "integrity": "sha512-65P7iz6X5yEr1cwcgvQxbbIw7Uk3gOy5dIdtZ4rDveLqhrdJP+Li/Hx6tyK0NEb+2GCyneCMJiGqrADCSNk8sQ==",
            "dev": true,
            "requires": {
                "is-number": "^7.0.0"
            }
        },
        "url-template": {
            "version": "2.0.8",
            "resolved": "https://verdaccio.tools.moovly.com/url-template/-/url-template-2.0.8.tgz",
            "integrity": "sha1-/FZaPMy/93MMd19WQflVV5FDnyE="
        },
        "uuid": {
            "version": "8.3.2",
            "resolved": "https://verdaccio.tools.moovly.com/uuid/-/uuid-8.3.2.tgz",
            "integrity": "sha512-+NYs2QeMWy+GWFOEm9xnn6HCDp0l7QBD7ml8zLUmJ+93Q5NF0NocErnwkTkXVFNiX3/fpC6afS8Dhb/gz7R7eg=="
        },
        "vue-template-compiler": {
            "version": "2.6.12",
            "resolved": "https://registry.npmjs.org/vue-template-compiler/-/vue-template-compiler-2.6.12.tgz",
            "integrity": "sha512-OzzZ52zS41YUbkCBfdXShQTe69j1gQDZ9HIX8miuC9C3rBCk9wIRjLiZZLrmX9V+Ftq/YEyv1JaVr5Y/hNtByg==",
            "dev": true,
            "requires": {
                "de-indent": "^1.0.2",
                "he": "^1.1.0"
            }
        },
        "yallist": {
            "version": "4.0.0",
            "resolved": "https://verdaccio.tools.moovly.com/yallist/-/yallist-4.0.0.tgz",
            "integrity": "sha512-3wdGidZyq5PB084XLES5TpOSRA3wjXAlIWMhum2kRcv/41Sn2emQ0dycQW4uZXLejwKvg6EsvbdlVL+FYEct7A=="
        }
    }
}
